
Microsoft Visual Studio Solution File, Format Version 12.00
# Visual Studio 14
VisualStudioVersion = 14.0.24720.0
MinimumVisualStudioVersion = 10.0.40219.1
Project("{FAE04EC0-301F-11D3-BF4B-00C04F79EFBC}") = "Pokemon_CUIT", "Pokemon_CUIT\Pokemon_CUIT.csproj", "{F670C515-3326-4B0D-8DB6-952BB0DA2174}"
EndProject
Project("{2150E333-8FDC-42A3-9474-1A3956D46DE8}") = "Solution Items", "Solution Items", "{0E5D3F8C-80AB-4913-8AE7-E1385AABB1C2}"
	ProjectSection(SolutionItems) = preProject
		Deploy.testsettings = Deploy.testsettings
	EndProjectSection
EndProject
Global
	GlobalSection(SolutionConfigurationPlatforms) = preSolution
		Debug|Any CPU = Debug|Any CPU
		Release|Any CPU = Release|Any CPU
	EndGlobalSection
	GlobalSection(ProjectConfigurationPlatforms) = postSolution
		{F670C515-3326-4B0D-8DB6-952BB0DA2174}.Debug|Any CPU.ActiveCfg = Debug|Any CPU
		{F670C515-3326-4B0D-8DB6-952BB0DA2174}.Debug|Any CPU.Build.0 = Debug|Any CPU
		{F670C515-3326-4B0D-8DB6-952BB0DA2174}.Release|Any CPU.ActiveCfg = Release|Any CPU
		{F670C515-3326-4B0D-8DB6-952BB0DA2174}.Release|Any CPU.Build.0 = Release|Any CPU
	EndGlobalSection
	GlobalSection(SolutionProperties) = preSolution
		HideSolutionNode = FALSE
	EndGlobalSection
EndGlobal
